
Microsoft Visual Studio Solution File, Format Version 12.00
Project("{FAE04EC0-301F-11D3-BF4B-00C04F79EFBC}") = "EarlNavigation", "EarlNavigation\EarlNavigation.csproj", "{B52BF135-DF80-4511-9D4E-A02479C30B0B}"
EndProject
Global
	GlobalSection(SolutionConfigurationPlatforms) = preSolution
		Debug|Any CPU = Debug|Any CPU
		Release|Any CPU = Release|Any CPU
	EndGlobalSection
	GlobalSection(ProjectConfigurationPlatforms) = postSolution
		{B52BF135-DF80-4511-9D4E-A02479C30B0B}.Debug|Any CPU.ActiveCfg = Debug|Any CPU
		{B52BF135-DF80-4511-9D4E-A02479C30B0B}.Debug|Any CPU.Build.0 = Debug|Any CPU
		{B52BF135-DF80-4511-9D4E-A02479C30B0B}.Release|Any CPU.ActiveCfg = Release|Any CPU
		{B52BF135-DF80-4511-9D4E-A02479C30B0B}.Release|Any CPU.Build.0 = Release|Any CPU
	EndGlobalSection
EndGlobal
